
Microsoft Visual Studio Solution File, Format Version 12.00
# Visual Studio Version 17
Project("{2150E333-8FDC-42A3-9474-1A3956D46DE8}") = "CMakePredefinedTargets", "CMakePredefinedTargets", "{3F1B526B-1A71-33DA-AB57-786C48FD5419}"
EndProject
Project("{8BC9CEB8-8B4A-11D0-8D11-00A0C91BC942}") = "CSC8503", "CSC8503\CSC8503.vcxproj", "{D314F2B6-2A1A-311E-AF68-47ECA160ABE3}"
	ProjectSection(ProjectDependencies) = postProject
		{85E317D3-28B7-34FB-B6DF-A5EEDEE77C8A} = {85E317D3-28B7-34FB-B6DF-A5EEDEE77C8A}
		{AE00917F-4D49-33E6-81E9-DC85AB7D0E1A} = {AE00917F-4D49-33E6-81E9-DC85AB7D0E1A}
		{FB6ADBC8-C2B5-3747-B779-2E9709BA4B48} = {FB6ADBC8-C2B5-3747-B779-2E9709BA4B48}
		{67374CE6-1139-3ADD-A3FC-8E8D2E375BD0} = {67374CE6-1139-3ADD-A3FC-8E8D2E375BD0}
	EndProjectSection
EndProject
Project("{8BC9CEB8-8B4A-11D0-8D11-00A0C91BC942}") = "ALL_BUILD", "ALL_BUILD.vcxproj", "{08BA383D-924F-3B2A-943A-C6A4ED247E06}"
	ProjectSection(ProjectDependencies) = postProject
		{D314F2B6-2A1A-311E-AF68-47ECA160ABE3} = {D314F2B6-2A1A-311E-AF68-47ECA160ABE3}
		{85E317D3-28B7-34FB-B6DF-A5EEDEE77C8A} = {85E317D3-28B7-34FB-B6DF-A5EEDEE77C8A}
		{AE00917F-4D49-33E6-81E9-DC85AB7D0E1A} = {AE00917F-4D49-33E6-81E9-DC85AB7D0E1A}
		{FB6ADBC8-C2B5-3747-B779-2E9709BA4B48} = {FB6ADBC8-C2B5-3747-B779-2E9709BA4B48}
		{67374CE6-1139-3ADD-A3FC-8E8D2E375BD0} = {67374CE6-1139-3ADD-A3FC-8E8D2E375BD0}
	EndProjectSection
EndProject
Project("{8BC9CEB8-8B4A-11D0-8D11-00A0C91BC942}") = "CSC8503CoreClasses", "CSC8503CoreClasses\CSC8503CoreClasses.vcxproj", "{85E317D3-28B7-34FB-B6DF-A5EEDEE77C8A}"
	ProjectSection(ProjectDependencies) = postProject
		{67374CE6-1139-3ADD-A3FC-8E8D2E375BD0} = {67374CE6-1139-3ADD-A3FC-8E8D2E375BD0}
	EndProjectSection
EndProject
Project("{8BC9CEB8-8B4A-11D0-8D11-00A0C91BC942}") = "NCLCoreClasses", "NCLCoreClasses\NCLCoreClasses.vcxproj", "{AE00917F-4D49-33E6-81E9-DC85AB7D0E1A}"
	ProjectSection(ProjectDependencies) = postProject
		{67374CE6-1139-3ADD-A3FC-8E8D2E375BD0} = {67374CE6-1139-3ADD-A3FC-8E8D2E375BD0}
	EndProjectSection
EndProject
Project("{8BC9CEB8-8B4A-11D0-8D11-00A0C91BC942}") = "OpenGLRendering", "OpenGLRendering\OpenGLRendering.vcxproj", "{FB6ADBC8-C2B5-3747-B779-2E9709BA4B48}"
	ProjectSection(ProjectDependencies) = postProject
		{AE00917F-4D49-33E6-81E9-DC85AB7D0E1A} = {AE00917F-4D49-33E6-81E9-DC85AB7D0E1A}
		{67374CE6-1139-3ADD-A3FC-8E8D2E375BD0} = {67374CE6-1139-3ADD-A3FC-8E8D2E375BD0}
	EndProjectSection
EndProject
Project("{8BC9CEB8-8B4A-11D0-8D11-00A0C91BC942}") = "ZERO_CHECK", "ZERO_CHECK.vcxproj", "{67374CE6-1139-3ADD-A3FC-8E8D2E375BD0}"
	ProjectSection(ProjectDependencies) = postProject
	EndProjectSection
EndProject
Global
	GlobalSection(SolutionConfigurationPlatforms) = preSolution
		Debug|x64 = Debug|x64
		Release|x64 = Release|x64
	EndGlobalSection
	GlobalSection(ProjectConfigurationPlatforms) = postSolution
		{D314F2B6-2A1A-311E-AF68-47ECA160ABE3}.Debug|x64.ActiveCfg = Debug|x64
		{D314F2B6-2A1A-311E-AF68-47ECA160ABE3}.Debug|x64.Build.0 = Debug|x64
		{D314F2B6-2A1A-311E-AF68-47ECA160ABE3}.Release|x64.ActiveCfg = Release|x64
		{D314F2B6-2A1A-311E-AF68-47ECA160ABE3}.Release|x64.Build.0 = Release|x64
		{08BA383D-924F-3B2A-943A-C6A4ED247E06}.Debug|x64.ActiveCfg = Debug|x64
		{08BA383D-924F-3B2A-943A-C6A4ED247E06}.Release|x64.ActiveCfg = Release|x64
		{85E317D3-28B7-34FB-B6DF-A5EEDEE77C8A}.Debug|x64.ActiveCfg = Debug|x64
		{85E317D3-28B7-34FB-B6DF-A5EEDEE77C8A}.Debug|x64.Build.0 = Debug|x64
		{85E317D3-28B7-34FB-B6DF-A5EEDEE77C8A}.Release|x64.ActiveCfg = Release|x64
		{85E317D3-28B7-34FB-B6DF-A5EEDEE77C8A}.Release|x64.Build.0 = Release|x64
		{AE00917F-4D49-33E6-81E9-DC85AB7D0E1A}.Debug|x64.ActiveCfg = Debug|x64
		{AE00917F-4D49-33E6-81E9-DC85AB7D0E1A}.Debug|x64.Build.0 = Debug|x64
		{AE00917F-4D49-33E6-81E9-DC85AB7D0E1A}.Release|x64.ActiveCfg = Release|x64
		{AE00917F-4D49-33E6-81E9-DC85AB7D0E1A}.Release|x64.Build.0 = Release|x64
		{FB6ADBC8-C2B5-3747-B779-2E9709BA4B48}.Debug|x64.ActiveCfg = Debug|x64
		{FB6ADBC8-C2B5-3747-B779-2E9709BA4B48}.Debug|x64.Build.0 = Debug|x64
		{FB6ADBC8-C2B5-3747-B779-2E9709BA4B48}.Release|x64.ActiveCfg = Release|x64
		{FB6ADBC8-C2B5-3747-B779-2E9709BA4B48}.Release|x64.Build.0 = Release|x64
		{67374CE6-1139-3ADD-A3FC-8E8D2E375BD0}.Debug|x64.ActiveCfg = Debug|x64
		{67374CE6-1139-3ADD-A3FC-8E8D2E375BD0}.Debug|x64.Build.0 = Debug|x64
		{67374CE6-1139-3ADD-A3FC-8E8D2E375BD0}.Release|x64.ActiveCfg = Release|x64
		{67374CE6-1139-3ADD-A3FC-8E8D2E375BD0}.Release|x64.Build.0 = Release|x64
	EndGlobalSection
	GlobalSection(NestedProjects) = preSolution
		{08BA383D-924F-3B2A-943A-C6A4ED247E06} = {3F1B526B-1A71-33DA-AB57-786C48FD5419}
		{67374CE6-1139-3ADD-A3FC-8E8D2E375BD0} = {3F1B526B-1A71-33DA-AB57-786C48FD5419}
	EndGlobalSection
	GlobalSection(ExtensibilityGlobals) = postSolution
		SolutionGuid = {2AA61C95-899D-332B-BABB-95A38A8E1A56}
	EndGlobalSection
	GlobalSection(ExtensibilityAddIns) = postSolution
	EndGlobalSection
EndGlobal
